
Microsoft Visual Studio Solution File, Format Version 12.00
# Visual Studio Version 17
VisualStudioVersion = 17.12.35527.113
MinimumVisualStudioVersion = 10.0.40219.1
Project("{FAE04EC0-301F-11D3-BF4B-00C04F79EFBC}") = "ARES_Fatih_AYIBASAN", "ARES_Fatih_AYIBASAN\ARES_Fatih_AYIBASAN.csproj", "{F2E95405-EF85-4B73-A0E8-0923A88143BD}"
EndProject
Global
	GlobalSection(SolutionConfigurationPlatforms) = preSolution
		Debug|Any CPU = Debug|Any CPU
		Release|Any CPU = Release|Any CPU
	EndGlobalSection
	GlobalSection(ProjectConfigurationPlatforms) = postSolution
		{F2E95405-EF85-4B73-A0E8-0923A88143BD}.Debug|Any CPU.ActiveCfg = Debug|Any CPU
		{F2E95405-EF85-4B73-A0E8-0923A88143BD}.Debug|Any CPU.Build.0 = Debug|Any CPU
		{F2E95405-EF85-4B73-A0E8-0923A88143BD}.Release|Any CPU.ActiveCfg = Release|Any CPU
		{F2E95405-EF85-4B73-A0E8-0923A88143BD}.Release|Any CPU.Build.0 = Release|Any CPU
	EndGlobalSection
	GlobalSection(SolutionProperties) = preSolution
		HideSolutionNode = FALSE
	EndGlobalSection
	GlobalSection(ExtensibilityGlobals) = postSolution
		SolutionGuid = {77F8EF2B-BC42-4038-9A3B-5F344CAB5F7A}
	EndGlobalSection
EndGlobal
